{
  "version": 4,
  "terraform_version": "1.6.6",
  "serial": 8,
  "lineage": "77718701-ee66-0ffc-83f0-628d659a2aa4",
  "outputs": {},
  "resources": [
    {
      "module": "module.dev_gke_cluster",
      "mode": "managed",
      "type": "google_container_cluster",
      "name": "gke_cluster",
      "provider": "module.dev_gke_cluster.provider[\"registry.terraform.io/hashicorp/google\"]",
      "instances": [
        {
          "schema_version": 2,
          "attributes": {
            "addons_config": [
              {
                "cloudrun_config": [],
                "config_connector_config": [],
                "dns_cache_config": [],
                "gce_persistent_disk_csi_driver_config": [
                  {
                    "enabled": true
                  }
                ],
                "gcp_filestore_csi_driver_config": [],
                "gcs_fuse_csi_driver_config": [],
                "gke_backup_agent_config": [],
                "horizontal_pod_autoscaling": [],
                "http_load_balancing": [],
                "network_policy_config": [
                  {
                    "disabled": true
                  }
                ]
              }
            ],
            "allow_net_admin": null,
            "authenticator_groups_config": [],
            "binary_authorization": [
              {
                "enabled": false,
                "evaluation_mode": ""
              }
            ],
            "cluster_autoscaling": [
              {
                "auto_provisioning_defaults": [],
                "autoscaling_profile": "BALANCED",
                "enabled": false,
                "resource_limits": []
              }
            ],
            "cluster_ipv4_cidr": "10.108.0.0/14",
            "confidential_nodes": [],
            "cost_management_config": [],
            "database_encryption": [
              {
                "key_name": "",
                "state": "DECRYPTED"
              }
            ],
            "datapath_provider": "",
            "default_max_pods_per_node": 110,
            "default_snat_status": [
              {
                "disabled": false
              }
            ],
            "deletion_protection": true,
            "description": "",
            "dns_config": [],
            "enable_autopilot": false,
            "enable_intranode_visibility": false,
            "enable_k8s_beta_apis": [],
            "enable_kubernetes_alpha": false,
            "enable_l4_ilb_subsetting": false,
            "enable_legacy_abac": false,
            "enable_shielded_nodes": true,
            "enable_tpu": false,
            "endpoint": "34.135.66.92",
            "fleet": [],
            "gateway_api_config": [],
            "id": "projects/prefab-armor-417822/locations/us-central1/clusters/dev-cluster",
            "identity_service_config": [],
            "initial_node_count": 1,
            "ip_allocation_policy": [
              {
                "additional_pod_ranges_config": [],
                "cluster_ipv4_cidr_block": "10.108.0.0/14",
                "cluster_secondary_range_name": "gke-dev-cluster-pods-5092986e",
                "pod_cidr_overprovision_config": [
                  {
                    "disabled": false
                  }
                ],
                "services_ipv4_cidr_block": "10.112.0.0/20",
                "services_secondary_range_name": "gke-dev-cluster-services-5092986e",
                "stack_type": "IPV4"
              }
            ],
            "label_fingerprint": "a9dc16a7",
            "location": "us-central1",
            "logging_config": [
              {
                "enable_components": [
                  "SYSTEM_COMPONENTS",
                  "WORKLOADS"
                ]
              }
            ],
            "logging_service": "logging.googleapis.com/kubernetes",
            "maintenance_policy": [],
            "master_auth": [
              {
                "client_certificate": "",
                "client_certificate_config": [
                  {
                    "issue_client_certificate": false
                  }
                ],
                "client_key": "",
                "cluster_ca_certificate": "LS0tLS1CRUdJTiBDRVJUSUZJQ0FURS0tLS0tCk1JSUVMRENDQXBTZ0F3SUJBZ0lRQjRhQzRoR0sxWlBUSzRJdHlxWW92akFOQmdrcWhraUc5dzBCQVFzRkFEQXYKTVMwd0t3WURWUVFERXlRMk5XSTVOakJtTkMwMk1qYzFMVFF6TldZdE9XSTBZeTFtTWpZMVlqVXdOREJoWmpVdwpJQmNOTWpRd016STFNak13TXpJMVdoZ1BNakExTkRBek1Ua3dNREF6TWpWYU1DOHhMVEFyQmdOVkJBTVRKRFkxCllqazJNR1kwTFRZeU56VXRORE0xWmkwNVlqUmpMV1l5TmpWaU5UQTBNR0ZtTlRDQ0FhSXdEUVlKS29aSWh2Y04KQVFFQkJRQURnZ0dQQURDQ0FZb0NnZ0dCQU1oZkNsL1hncWJIOFpTdmI2K3VCcE9jMS9OMlpEYms0RFhqQThsVwpCMlBya2J0Qm5ydU9xNXNieXZWa2lXT1hvRjdSK2lmaFNwVXI5Z1NPeHNtdkRtcGhZTkZ2YjNrN0EvL3FyQmZiClhUWGxSUWF2NCtIbXBxcjd2eTFoZENSdmhhblJnTlVBRVNzVkN1eS9wU1hzcTM1Z2VxSXpKNWloNENUOHdVTXcKb1NNTzNWS1JMcFR5OXRaMEVoRzNiVlpJVzdqUUN0UkFLOEg2OUpFUE5TTUJoM0hnRmxFdGNIUUFYN1pEVE1OOQp2bzVIOHZHa1dsVDlFYnFDckE4WVhGV2FIU2NQc1dmazRxUE5pOE9PSHZzaVpnVURrMWpvSWpCR0ZMT3BFS3k0CnRUSW9Pc3A1M2lQZFc4c3gwamY3dWJTdi9Wbm40Rko5NW9PRDR0RXFNK21RYStmT2V1V3QwejAzaTBIbzd0ak8KWkZhaVc3Nk1zUWxDSUxiT1ZSbWdXdElyUFJzRlh1SlJWYlNqdkNTYmpsWEh4S3U1cWt2bkpiVFF1SG1WTnQ0WApybVV1QURWNk5rTVpVU1h4RFJ3ZGtQbFY2WTZGVDNDOGc4MU5oTjRqemZRRVhJSWFvSW1yTVRSWnFrWDhneFFuCndvbmdPWW5JY1liTWxlNExwaFBXL0FCZHZRSURBUUFCbzBJd1FEQU9CZ05WSFE4QkFmOEVCQU1DQWdRd0R3WUQKVlIwVEFRSC9CQVV3QXdFQi96QWRCZ05WSFE0RUZnUVUyWmhqV3FCRWk1NGRHUm5lcjdxS3laRVRrbTh3RFFZSgpLb1pJaHZjTkFRRUxCUUFEZ2dHQkFHb2JzTmhYMVdBTXpqWTRPRWxKYlpYMExBYWZxNWV5MW9wa1IzNFg4SXc3CldtWFBnYU5LVHM3RUNxb3g3ZXI3U1NYRmlmeDhsMm1Td1RIQ3FmTWF6RGhyRmJuMyt6Y1A3NVlsV2FxbFB3OWQKQXB5Q1hwTG1XYzFYWmYzdDlHMm1NRjJGS1B0eUtMbjYxcS9uMmJOb01JSkNoV0J6di9Eb0FoWEtrVzFvdFJWKwpnUm85V0wwNjZWekl1MUVmNHpTZTB3UnVVKzRmOWhzTkViTDNyQkhlQ2dYQ3d6dDZZTWR5dWk1NnFyYjR1QjBpCkw4WjZ2SHJGdTlxbE40cldRZmRBVVFjSEpkKzhJTmczMXdoOVpNSlRZcEZyT1RRN2lWcTRqSzJTalpNSU5QVXEKdU5MYnVNdFNSMndvbnYzSnkyZDkvUEVLZWYrZ0c2UUJWMjczUURJVC9KMjlPdlFmSWdPMTQxMGw3Q3MrQWNTSgpiUjgvZlZYRDBjaTYwdWtiZitYcyt6amkwYXFnQmhEc1E2RDRGSTRCNWh4d212TkIwY3RrTEV0emFLN2JYTFpmClc3QU9RS3NFQVEvUmR6ZFhqUlhmaFJ2aDd1bGZ5YkxTUGVCSUFSWExmcmoxeHdJMVJRbzBGMkxrbXFDUkM1L2sKOHlpUmduSDhqUmtwOWFsZE9pNG9HQT09Ci0tLS0tRU5EIENFUlRJRklDQVRFLS0tLS0K"
              }
            ],
            "master_authorized_networks_config": [],
            "master_version": "1.27.8-gke.1067004",
            "mesh_certificates": [],
            "min_master_version": null,
            "monitoring_config": [
              {
                "advanced_datapath_observability_config": [
                  {
                    "enable_metrics": false,
                    "enable_relay": false,
                    "relay_mode": "DISABLED"
                  }
                ],
                "enable_components": [
                  "SYSTEM_COMPONENTS"
                ],
                "managed_prometheus": [
                  {
                    "enabled": true
                  }
                ]
              }
            ],
            "monitoring_service": "monitoring.googleapis.com/kubernetes",
            "name": "dev-cluster",
            "network": "projects/prefab-armor-417822/global/networks/default",
            "network_policy": [
              {
                "enabled": false,
                "provider": "PROVIDER_UNSPECIFIED"
              }
            ],
            "networking_mode": "VPC_NATIVE",
            "node_config": [
              {
                "advanced_machine_features": [],
                "boot_disk_kms_key": "",
                "confidential_nodes": [],
                "disk_size_gb": 100,
                "disk_type": "pd-balanced",
                "effective_taints": [],
                "enable_confidential_storage": false,
                "ephemeral_storage_local_ssd_config": [],
                "fast_socket": [],
                "gcfs_config": [],
                "guest_accelerator": [],
                "gvnic": [],
                "host_maintenance_policy": [],
                "image_type": "COS_CONTAINERD",
                "kubelet_config": [],
                "labels": {},
                "linux_node_config": [],
                "local_nvme_ssd_block_config": [],
                "local_ssd_count": 0,
                "logging_variant": "DEFAULT",
                "machine_type": "e2-medium",
                "metadata": {
                  "disable-legacy-endpoints": "true"
                },
                "min_cpu_platform": "",
                "node_group": "",
                "oauth_scopes": [
                  "https://www.googleapis.com/auth/cloud-platform",
                  "https://www.googleapis.com/auth/userinfo.email"
                ],
                "preemptible": false,
                "reservation_affinity": [],
                "resource_labels": {},
                "resource_manager_tags": {},
                "service_account": "dev-gke-service-account@prefab-armor-417822.iam.gserviceaccount.com",
                "shielded_instance_config": [
                  {
                    "enable_integrity_monitoring": true,
                    "enable_secure_boot": false
                  }
                ],
                "sole_tenant_config": [],
                "spot": false,
                "tags": [],
                "taint": [],
                "workload_metadata_config": []
              }
            ],
            "node_locations": [
              "us-central1-a",
              "us-central1-c",
              "us-central1-f"
            ],
            "node_pool": [
              {
                "autoscaling": [],
                "initial_node_count": 1,
                "instance_group_urls": [
                  "https://www.googleapis.com/compute/v1/projects/prefab-armor-417822/zones/us-central1-c/instanceGroupManagers/gke-dev-cluster-default-pool-1b418084-grp",
                  "https://www.googleapis.com/compute/v1/projects/prefab-armor-417822/zones/us-central1-f/instanceGroupManagers/gke-dev-cluster-default-pool-48c80af7-grp",
                  "https://www.googleapis.com/compute/v1/projects/prefab-armor-417822/zones/us-central1-a/instanceGroupManagers/gke-dev-cluster-default-pool-f76b9faa-grp"
                ],
                "managed_instance_group_urls": [
                  "https://www.googleapis.com/compute/v1/projects/prefab-armor-417822/zones/us-central1-c/instanceGroups/gke-dev-cluster-default-pool-1b418084-grp",
                  "https://www.googleapis.com/compute/v1/projects/prefab-armor-417822/zones/us-central1-f/instanceGroups/gke-dev-cluster-default-pool-48c80af7-grp",
                  "https://www.googleapis.com/compute/v1/projects/prefab-armor-417822/zones/us-central1-a/instanceGroups/gke-dev-cluster-default-pool-f76b9faa-grp"
                ],
                "management": [
                  {
                    "auto_repair": true,
                    "auto_upgrade": true
                  }
                ],
                "max_pods_per_node": 110,
                "name": "default-pool",
                "name_prefix": "",
                "network_config": [
                  {
                    "create_pod_range": false,
                    "enable_private_nodes": false,
                    "network_performance_config": [],
                    "pod_cidr_overprovision_config": [],
                    "pod_ipv4_cidr_block": "10.108.0.0/14",
                    "pod_range": "gke-dev-cluster-pods-5092986e"
                  }
                ],
                "node_config": [
                  {
                    "advanced_machine_features": [],
                    "boot_disk_kms_key": "",
                    "confidential_nodes": [],
                    "disk_size_gb": 100,
                    "disk_type": "pd-balanced",
                    "effective_taints": [],
                    "enable_confidential_storage": false,
                    "ephemeral_storage_local_ssd_config": [],
                    "fast_socket": [],
                    "gcfs_config": [],
                    "guest_accelerator": [],
                    "gvnic": [],
                    "host_maintenance_policy": [],
                    "image_type": "COS_CONTAINERD",
                    "kubelet_config": [],
                    "labels": {},
                    "linux_node_config": [],
                    "local_nvme_ssd_block_config": [],
                    "local_ssd_count": 0,
                    "logging_variant": "DEFAULT",
                    "machine_type": "e2-medium",
                    "metadata": {
                      "disable-legacy-endpoints": "true"
                    },
                    "min_cpu_platform": "",
                    "node_group": "",
                    "oauth_scopes": [
                      "https://www.googleapis.com/auth/cloud-platform",
                      "https://www.googleapis.com/auth/userinfo.email"
                    ],
                    "preemptible": false,
                    "reservation_affinity": [],
                    "resource_labels": {},
                    "resource_manager_tags": {},
                    "service_account": "dev-gke-service-account@prefab-armor-417822.iam.gserviceaccount.com",
                    "shielded_instance_config": [
                      {
                        "enable_integrity_monitoring": true,
                        "enable_secure_boot": false
                      }
                    ],
                    "sole_tenant_config": [],
                    "spot": false,
                    "tags": [],
                    "taint": [],
                    "workload_metadata_config": []
                  }
                ],
                "node_count": 1,
                "node_locations": [
                  "us-central1-a",
                  "us-central1-c",
                  "us-central1-f"
                ],
                "placement_policy": [],
                "queued_provisioning": [],
                "upgrade_settings": [
                  {
                    "blue_green_settings": [],
                    "max_surge": 1,
                    "max_unavailable": 0,
                    "strategy": "SURGE"
                  }
                ],
                "version": "1.27.8-gke.1067004"
              }
            ],
            "node_pool_auto_config": [],
            "node_pool_defaults": [
              {
                "node_config_defaults": [
                  {
                    "logging_variant": "DEFAULT"
                  }
                ]
              }
            ],
            "node_version": "1.27.8-gke.1067004",
            "notification_config": [
              {
                "pubsub": [
                  {
                    "enabled": false,
                    "filter": [],
                    "topic": ""
                  }
                ]
              }
            ],
            "operation": null,
            "private_cluster_config": [
              {
                "enable_private_endpoint": false,
                "enable_private_nodes": false,
                "master_global_access_config": [
                  {
                    "enabled": false
                  }
                ],
                "master_ipv4_cidr_block": "",
                "peering_name": "",
                "private_endpoint": "10.128.0.10",
                "private_endpoint_subnetwork": "",
                "public_endpoint": "34.135.66.92"
              }
            ],
            "private_ipv6_google_access": "",
            "project": "prefab-armor-417822",
            "release_channel": [
              {
                "channel": "REGULAR"
              }
            ],
            "remove_default_node_pool": null,
            "resource_labels": {},
            "resource_usage_export_config": [],
            "security_posture_config": [
              {
                "mode": "BASIC",
                "vulnerability_mode": "VULNERABILITY_MODE_UNSPECIFIED"
              }
            ],
            "self_link": "https://container.googleapis.com/v1/projects/prefab-armor-417822/locations/us-central1/clusters/dev-cluster",
            "service_external_ips_config": [
              {
                "enabled": false
              }
            ],
            "services_ipv4_cidr": "10.112.0.0/20",
            "subnetwork": "projects/prefab-armor-417822/regions/us-central1/subnetworks/default",
            "timeouts": null,
            "tpu_ipv4_cidr_block": "",
            "vertical_pod_autoscaling": [],
            "workload_identity_config": []
          },
          "sensitive_attributes": [],
          "private": "eyJlMmJmYjczMC1lY2FhLTExZTYtOGY4OC0zNDM2M2JjN2M0YzAiOnsiY3JlYXRlIjoyNDAwMDAwMDAwMDAwLCJkZWxldGUiOjI0MDAwMDAwMDAwMDAsInJlYWQiOjI0MDAwMDAwMDAwMDAsInVwZGF0ZSI6MzYwMDAwMDAwMDAwMH0sInNjaGVtYV92ZXJzaW9uIjoiMiJ9",
          "dependencies": [
            "module.dev_gke_cluster.google_service_account.gke_service_account"
          ]
        }
      ]
    },
    {
      "module": "module.dev_gke_cluster",
      "mode": "managed",
      "type": "google_service_account",
      "name": "gke_service_account",
      "provider": "module.dev_gke_cluster.provider[\"registry.terraform.io/hashicorp/google\"]",
      "instances": [
        {
          "schema_version": 0,
          "attributes": {
            "account_id": "dev-gke-service-account",
            "create_ignore_already_exists": null,
            "description": "",
            "disabled": false,
            "display_name": "DEV GKE Service Account",
            "email": "dev-gke-service-account@prefab-armor-417822.iam.gserviceaccount.com",
            "id": "projects/prefab-armor-417822/serviceAccounts/dev-gke-service-account@prefab-armor-417822.iam.gserviceaccount.com",
            "member": "serviceAccount:dev-gke-service-account@prefab-armor-417822.iam.gserviceaccount.com",
            "name": "projects/prefab-armor-417822/serviceAccounts/dev-gke-service-account@prefab-armor-417822.iam.gserviceaccount.com",
            "project": "prefab-armor-417822",
            "timeouts": null,
            "unique_id": "114228301730152085739"
          },
          "sensitive_attributes": [],
          "private": "eyJlMmJmYjczMC1lY2FhLTExZTYtOGY4OC0zNDM2M2JjN2M0YzAiOnsiY3JlYXRlIjozMDAwMDAwMDAwMDB9fQ=="
        }
      ]
    },
    {
      "module": "module.qa_gke_cluster",
      "mode": "managed",
      "type": "google_container_cluster",
      "name": "gke_cluster",
      "provider": "module.qa_gke_cluster.provider[\"registry.terraform.io/hashicorp/google\"]",
      "instances": [
        {
          "schema_version": 2,
          "attributes": {
            "addons_config": [
              {
                "cloudrun_config": [],
                "config_connector_config": [],
                "dns_cache_config": [],
                "gce_persistent_disk_csi_driver_config": [
                  {
                    "enabled": true
                  }
                ],
                "gcp_filestore_csi_driver_config": [],
                "gcs_fuse_csi_driver_config": [],
                "gke_backup_agent_config": [],
                "horizontal_pod_autoscaling": [],
                "http_load_balancing": [],
                "network_policy_config": [
                  {
                    "disabled": true
                  }
                ]
              }
            ],
            "allow_net_admin": null,
            "authenticator_groups_config": [],
            "binary_authorization": [
              {
                "enabled": false,
                "evaluation_mode": ""
              }
            ],
            "cluster_autoscaling": [
              {
                "auto_provisioning_defaults": [],
                "autoscaling_profile": "BALANCED",
                "enabled": false,
                "resource_limits": []
              }
            ],
            "cluster_ipv4_cidr": "10.32.0.0/14",
            "confidential_nodes": [],
            "cost_management_config": [],
            "database_encryption": [
              {
                "key_name": "",
                "state": "DECRYPTED"
              }
            ],
            "datapath_provider": "",
            "default_max_pods_per_node": 110,
            "default_snat_status": [
              {
                "disabled": false
              }
            ],
            "deletion_protection": true,
            "description": "",
            "dns_config": [],
            "enable_autopilot": false,
            "enable_intranode_visibility": false,
            "enable_k8s_beta_apis": [],
            "enable_kubernetes_alpha": false,
            "enable_l4_ilb_subsetting": false,
            "enable_legacy_abac": false,
            "enable_shielded_nodes": true,
            "enable_tpu": false,
            "endpoint": "34.173.123.60",
            "fleet": [],
            "gateway_api_config": [],
            "id": "projects/prefab-armor-417822/locations/us-central1-c/clusters/qa-cluster",
            "identity_service_config": [],
            "initial_node_count": 1,
            "ip_allocation_policy": [
              {
                "additional_pod_ranges_config": [],
                "cluster_ipv4_cidr_block": "10.32.0.0/14",
                "cluster_secondary_range_name": "gke-qa-cluster-pods-2ea502ef",
                "pod_cidr_overprovision_config": [
                  {
                    "disabled": false
                  }
                ],
                "services_ipv4_cidr_block": "10.80.112.0/20",
                "services_secondary_range_name": "gke-qa-cluster-services-2ea502ef",
                "stack_type": "IPV4"
              }
            ],
            "label_fingerprint": "a9dc16a7",
            "location": "us-central1-c",
            "logging_config": [
              {
                "enable_components": [
                  "SYSTEM_COMPONENTS",
                  "WORKLOADS"
                ]
              }
            ],
            "logging_service": "logging.googleapis.com/kubernetes",
            "maintenance_policy": [],
            "master_auth": [
              {
                "client_certificate": "",
                "client_certificate_config": [
                  {
                    "issue_client_certificate": false
                  }
                ],
                "client_key": "",
                "cluster_ca_certificate": "LS0tLS1CRUdJTiBDRVJUSUZJQ0FURS0tLS0tCk1JSUVMRENDQXBTZ0F3SUJBZ0lRWXpGczZnV1NYZS9zWnBLODVTOVpKekFOQmdrcWhraUc5dzBCQVFzRkFEQXYKTVMwd0t3WURWUVFERXlReU5USXhaVFV3Tmkxak1HTmxMVFJpT1dNdE9UbGlOaTAyTVRobE5qRXpPREUyTm1JdwpJQmNOTWpRd016STFNak13TXpJMVdoZ1BNakExTkRBek1Ua3dNREF6TWpWYU1DOHhMVEFyQmdOVkJBTVRKREkxCk1qRmxOVEEyTFdNd1kyVXROR0k1WXkwNU9XSTJMVFl4T0dVMk1UTTRNVFkyWWpDQ0FhSXdEUVlKS29aSWh2Y04KQVFFQkJRQURnZ0dQQURDQ0FZb0NnZ0dCQU9FL09zMW9VcnlqQktXSm80dXZnMkl3emQ4NWVjRkkydzFpNGhEWgpzRDR6Z0g1Sm1HVGZOVjlSVFR3OENHOWx6RmFUSUNGeGJaWDBpQ1NSNlVVaUI0YklQOURjQmllSjVuVUdmWXZUClF0eWhzVEsvaHpLc1l6VWRBR1dhQTdMMUFVeFFkL0tpVXZ4YnFZRXRqVmlES2dRMmNDWHRCUXltNjBmSjRhOEMKOHlka20wRlJ0cWtJOURwNTNSUndHRFlMYXVyZmJ2T05xUXg1L3QrZ2xmUi9RRzB5eEZvNk1IOGozcC8yMDM3MQp6WEVBQTJBb3VCSDBMWHlGZ2I0aVh6Z01ISVgyQkFyNFBYOExneHNEbWk1aEhyNzJTVEh5Sk93am5UTGg0RnRzCmZaVXVyMVJGclZQVDA1MmpvWUtiYTEwdTZ1OWdwcno1NTZJeFNYdWN3L3I4NWxtRjRKQ201Yi82QnE3emxUQU4KcnJYYTRKZjZoUkF3alNnY3p1U2JmVWMzbjNheTlWOUNFNzQvV0ZveHB0aDRzb0k3OTQwNTlaTGE4QnF6TU5iQgpndUdjTEJXcC9UOFpvOWFjUENjc0w1N1pRRnU3WGNFSDlXVjJGZkhEaEpqZFN5UEhpTHJwckV6UDZWZ2VSTUtMCk0zbHFycXN0N3dXT1Rqd2RWYVNzK2QyL0lRSURBUUFCbzBJd1FEQU9CZ05WSFE4QkFmOEVCQU1DQWdRd0R3WUQKVlIwVEFRSC9CQVV3QXdFQi96QWRCZ05WSFE0RUZnUVVydW9RK3lJTStJZ0E0UFlrM0o5dXMyOS9MSll3RFFZSgpLb1pJaHZjTkFRRUxCUUFEZ2dHQkFCREw0ZTdoUzZOZVQza0FhZEE3b2tMZGRtN0ZYN2xXVFFOUlJmb0dJODc3ClpDWEtDUHU3aEdKSE0ybkN2WmdXUk11WHhyUCthYmwwUE83YnJVQlZhaUlIVDh4RkIzQ2loTWdoVEhESm1zaFEKZDYyOSs5K1gvL20rbytiZTZ5ZnJaTTRaL2RLNEladlBMRVc0K1ppZGEwS3lrSHdmdWcyYzFvMi83VnBTTTRvdgpzSExmV2txZDFWRUN6eld2Zm9zd0RyelBSRWF2VFo1RzgrdE9BaVJrdFhFY29Hb1A4dzYvN3dMOWJXSEpLVVg5CjlKZU5RUmFkYmpGa2V6em83UFVnaTRFUlFDN2U0YmJaUFExbW1RUjQrU0NNTlkwNHB3YTR5dVNEcGp2TmtwS2kKS1pPK1BNN1lxVFIraEg4K0xqU0xkZFpQVlRzQWMyQ3pKaWlZN05WK2pacUx6dVNEWWdZcnBtNll1Wk1IWURWaApNUkFYRVpJMFFOM0NJZk9jVnEweTJNcWZqMjZkRHY1Vmxhem1hK01peW1DblV3bXo3RUV6TzZqcVNFWjBaY3RiCi94WFFEVEpCMEJCRXZ1YlJHZWlvaEZMNjgxQXV6TmlaUFhZN3FuNHFsVjRXS2ZvclF4TzYxUG5XUUZlWG5JZUkKMktzSmhsd1dpOXdQenphTkMwUCtYQT09Ci0tLS0tRU5EIENFUlRJRklDQVRFLS0tLS0K"
              }
            ],
            "master_authorized_networks_config": [],
            "master_version": "1.27.8-gke.1067004",
            "mesh_certificates": [],
            "min_master_version": null,
            "monitoring_config": [
              {
                "advanced_datapath_observability_config": [
                  {
                    "enable_metrics": false,
                    "enable_relay": false,
                    "relay_mode": "DISABLED"
                  }
                ],
                "enable_components": [
                  "SYSTEM_COMPONENTS"
                ],
                "managed_prometheus": [
                  {
                    "enabled": true
                  }
                ]
              }
            ],
            "monitoring_service": "monitoring.googleapis.com/kubernetes",
            "name": "qa-cluster",
            "network": "projects/prefab-armor-417822/global/networks/default",
            "network_policy": [
              {
                "enabled": false,
                "provider": "PROVIDER_UNSPECIFIED"
              }
            ],
            "networking_mode": "VPC_NATIVE",
            "node_config": [
              {
                "advanced_machine_features": [],
                "boot_disk_kms_key": "",
                "confidential_nodes": [],
                "disk_size_gb": 100,
                "disk_type": "pd-balanced",
                "effective_taints": [],
                "enable_confidential_storage": false,
                "ephemeral_storage_local_ssd_config": [],
                "fast_socket": [],
                "gcfs_config": [],
                "guest_accelerator": [],
                "gvnic": [],
                "host_maintenance_policy": [],
                "image_type": "COS_CONTAINERD",
                "kubelet_config": [],
                "labels": {},
                "linux_node_config": [],
                "local_nvme_ssd_block_config": [],
                "local_ssd_count": 0,
                "logging_variant": "DEFAULT",
                "machine_type": "e2-medium",
                "metadata": {
                  "disable-legacy-endpoints": "true"
                },
                "min_cpu_platform": "",
                "node_group": "",
                "oauth_scopes": [
                  "https://www.googleapis.com/auth/cloud-platform",
                  "https://www.googleapis.com/auth/userinfo.email"
                ],
                "preemptible": false,
                "reservation_affinity": [],
                "resource_labels": {},
                "resource_manager_tags": {},
                "service_account": "qa-gke-service-account@prefab-armor-417822.iam.gserviceaccount.com",
                "shielded_instance_config": [
                  {
                    "enable_integrity_monitoring": true,
                    "enable_secure_boot": false
                  }
                ],
                "sole_tenant_config": [],
                "spot": false,
                "tags": [],
                "taint": [],
                "workload_metadata_config": []
              }
            ],
            "node_locations": [],
            "node_pool": [
              {
                "autoscaling": [],
                "initial_node_count": 1,
                "instance_group_urls": [
                  "https://www.googleapis.com/compute/v1/projects/prefab-armor-417822/zones/us-central1-c/instanceGroupManagers/gke-qa-cluster-default-pool-be78d1ea-grp"
                ],
                "managed_instance_group_urls": [
                  "https://www.googleapis.com/compute/v1/projects/prefab-armor-417822/zones/us-central1-c/instanceGroups/gke-qa-cluster-default-pool-be78d1ea-grp"
                ],
                "management": [
                  {
                    "auto_repair": true,
                    "auto_upgrade": true
                  }
                ],
                "max_pods_per_node": 110,
                "name": "default-pool",
                "name_prefix": "",
                "network_config": [
                  {
                    "create_pod_range": false,
                    "enable_private_nodes": false,
                    "network_performance_config": [],
                    "pod_cidr_overprovision_config": [],
                    "pod_ipv4_cidr_block": "10.32.0.0/14",
                    "pod_range": "gke-qa-cluster-pods-2ea502ef"
                  }
                ],
                "node_config": [
                  {
                    "advanced_machine_features": [],
                    "boot_disk_kms_key": "",
                    "confidential_nodes": [],
                    "disk_size_gb": 100,
                    "disk_type": "pd-balanced",
                    "effective_taints": [],
                    "enable_confidential_storage": false,
                    "ephemeral_storage_local_ssd_config": [],
                    "fast_socket": [],
                    "gcfs_config": [],
                    "guest_accelerator": [],
                    "gvnic": [],
                    "host_maintenance_policy": [],
                    "image_type": "COS_CONTAINERD",
                    "kubelet_config": [],
                    "labels": {},
                    "linux_node_config": [],
                    "local_nvme_ssd_block_config": [],
                    "local_ssd_count": 0,
                    "logging_variant": "DEFAULT",
                    "machine_type": "e2-medium",
                    "metadata": {
                      "disable-legacy-endpoints": "true"
                    },
                    "min_cpu_platform": "",
                    "node_group": "",
                    "oauth_scopes": [
                      "https://www.googleapis.com/auth/cloud-platform",
                      "https://www.googleapis.com/auth/userinfo.email"
                    ],
                    "preemptible": false,
                    "reservation_affinity": [],
                    "resource_labels": {},
                    "resource_manager_tags": {},
                    "service_account": "qa-gke-service-account@prefab-armor-417822.iam.gserviceaccount.com",
                    "shielded_instance_config": [
                      {
                        "enable_integrity_monitoring": true,
                        "enable_secure_boot": false
                      }
                    ],
                    "sole_tenant_config": [],
                    "spot": false,
                    "tags": [],
                    "taint": [],
                    "workload_metadata_config": []
                  }
                ],
                "node_count": 1,
                "node_locations": [
                  "us-central1-c"
                ],
                "placement_policy": [],
                "queued_provisioning": [],
                "upgrade_settings": [
                  {
                    "blue_green_settings": [],
                    "max_surge": 1,
                    "max_unavailable": 0,
                    "strategy": "SURGE"
                  }
                ],
                "version": "1.27.8-gke.1067004"
              }
            ],
            "node_pool_auto_config": [],
            "node_pool_defaults": [
              {
                "node_config_defaults": [
                  {
                    "logging_variant": "DEFAULT"
                  }
                ]
              }
            ],
            "node_version": "1.27.8-gke.1067004",
            "notification_config": [
              {
                "pubsub": [
                  {
                    "enabled": false,
                    "filter": [],
                    "topic": ""
                  }
                ]
              }
            ],
            "operation": null,
            "private_cluster_config": [
              {
                "enable_private_endpoint": false,
                "enable_private_nodes": false,
                "master_global_access_config": [
                  {
                    "enabled": false
                  }
                ],
                "master_ipv4_cidr_block": "",
                "peering_name": "",
                "private_endpoint": "10.128.0.9",
                "private_endpoint_subnetwork": "",
                "public_endpoint": "34.173.123.60"
              }
            ],
            "private_ipv6_google_access": "",
            "project": "prefab-armor-417822",
            "release_channel": [
              {
                "channel": "REGULAR"
              }
            ],
            "remove_default_node_pool": null,
            "resource_labels": {},
            "resource_usage_export_config": [],
            "security_posture_config": [
              {
                "mode": "BASIC",
                "vulnerability_mode": "VULNERABILITY_MODE_UNSPECIFIED"
              }
            ],
            "self_link": "https://container.googleapis.com/v1/projects/prefab-armor-417822/zones/us-central1-c/clusters/qa-cluster",
            "service_external_ips_config": [
              {
                "enabled": false
              }
            ],
            "services_ipv4_cidr": "10.80.112.0/20",
            "subnetwork": "projects/prefab-armor-417822/regions/us-central1/subnetworks/default",
            "timeouts": null,
            "tpu_ipv4_cidr_block": "",
            "vertical_pod_autoscaling": [],
            "workload_identity_config": []
          },
          "sensitive_attributes": [],
          "private": "eyJlMmJmYjczMC1lY2FhLTExZTYtOGY4OC0zNDM2M2JjN2M0YzAiOnsiY3JlYXRlIjoyNDAwMDAwMDAwMDAwLCJkZWxldGUiOjI0MDAwMDAwMDAwMDAsInJlYWQiOjI0MDAwMDAwMDAwMDAsInVwZGF0ZSI6MzYwMDAwMDAwMDAwMH0sInNjaGVtYV92ZXJzaW9uIjoiMiJ9",
          "dependencies": [
            "module.qa_gke_cluster.google_service_account.gke_service_account"
          ]
        }
      ]
    },
    {
      "module": "module.qa_gke_cluster",
      "mode": "managed",
      "type": "google_service_account",
      "name": "gke_service_account",
      "provider": "module.qa_gke_cluster.provider[\"registry.terraform.io/hashicorp/google\"]",
      "instances": [
        {
          "schema_version": 0,
          "attributes": {
            "account_id": "qa-gke-service-account",
            "create_ignore_already_exists": null,
            "description": "",
            "disabled": false,
            "display_name": "QA GKE Service Account",
            "email": "qa-gke-service-account@prefab-armor-417822.iam.gserviceaccount.com",
            "id": "projects/prefab-armor-417822/serviceAccounts/qa-gke-service-account@prefab-armor-417822.iam.gserviceaccount.com",
            "member": "serviceAccount:qa-gke-service-account@prefab-armor-417822.iam.gserviceaccount.com",
            "name": "projects/prefab-armor-417822/serviceAccounts/qa-gke-service-account@prefab-armor-417822.iam.gserviceaccount.com",
            "project": "prefab-armor-417822",
            "timeouts": null,
            "unique_id": "112252166763066355883"
          },
          "sensitive_attributes": [],
          "private": "eyJlMmJmYjczMC1lY2FhLTExZTYtOGY4OC0zNDM2M2JjN2M0YzAiOnsiY3JlYXRlIjozMDAwMDAwMDAwMDB9fQ=="
        }
      ]
    }
  ],
  "check_results": null
}
